
Microsoft Visual Studio Solution File, Format Version 12.00
# Visual Studio 15
VisualStudioVersion = 15.0.28307.960
MinimumVisualStudioVersion = 10.0.40219.1
Project("{2150E333-8FDC-42A3-9474-1A3956D46DE8}") = "src", "src", "{2B75CB71-62AD-496B-B252-94D5A88D721F}"
EndProject
Project("{9A19103F-16F7-4668-BE54-9A1E7A4F7556}") = "Scout24.Core", "src\Scout24.Core\Scout24.Core.csproj", "{4289E215-620F-4C90-AD25-12C916E04786}"
EndProject
Project("{9A19103F-16F7-4668-BE54-9A1E7A4F7556}") = "Scout24.WebAPI", "src\Scout24.WebAPI\Scout24.WebAPI.csproj", "{26772031-DE41-461C-A1D5-26F1E58DDAF6}"
EndProject
Project("{FAE04EC0-301F-11D3-BF4B-00C04F79EFBC}") = "XUnitTestProject1", "XUnitTestProject1\XUnitTestProject1.csproj", "{2510F219-43DC-4584-A3C3-708F27D4BDCA}"
EndProject
Global
	GlobalSection(SolutionConfigurationPlatforms) = preSolution
		Debug|Any CPU = Debug|Any CPU
		Release|Any CPU = Release|Any CPU
	EndGlobalSection
	GlobalSection(ProjectConfigurationPlatforms) = postSolution
		{4289E215-620F-4C90-AD25-12C916E04786}.Debug|Any CPU.ActiveCfg = Debug|Any CPU
		{4289E215-620F-4C90-AD25-12C916E04786}.Debug|Any CPU.Build.0 = Debug|Any CPU
		{4289E215-620F-4C90-AD25-12C916E04786}.Release|Any CPU.ActiveCfg = Release|Any CPU
		{4289E215-620F-4C90-AD25-12C916E04786}.Release|Any CPU.Build.0 = Release|Any CPU
		{26772031-DE41-461C-A1D5-26F1E58DDAF6}.Debug|Any CPU.ActiveCfg = Debug|Any CPU
		{26772031-DE41-461C-A1D5-26F1E58DDAF6}.Debug|Any CPU.Build.0 = Debug|Any CPU
		{26772031-DE41-461C-A1D5-26F1E58DDAF6}.Release|Any CPU.ActiveCfg = Release|Any CPU
		{26772031-DE41-461C-A1D5-26F1E58DDAF6}.Release|Any CPU.Build.0 = Release|Any CPU
		{2510F219-43DC-4584-A3C3-708F27D4BDCA}.Debug|Any CPU.ActiveCfg = Debug|Any CPU
		{2510F219-43DC-4584-A3C3-708F27D4BDCA}.Debug|Any CPU.Build.0 = Debug|Any CPU
		{2510F219-43DC-4584-A3C3-708F27D4BDCA}.Release|Any CPU.ActiveCfg = Release|Any CPU
		{2510F219-43DC-4584-A3C3-708F27D4BDCA}.Release|Any CPU.Build.0 = Release|Any CPU
	EndGlobalSection
	GlobalSection(SolutionProperties) = preSolution
		HideSolutionNode = FALSE
	EndGlobalSection
	GlobalSection(NestedProjects) = preSolution
		{4289E215-620F-4C90-AD25-12C916E04786} = {2B75CB71-62AD-496B-B252-94D5A88D721F}
		{26772031-DE41-461C-A1D5-26F1E58DDAF6} = {2B75CB71-62AD-496B-B252-94D5A88D721F}
		{2510F219-43DC-4584-A3C3-708F27D4BDCA} = {2B75CB71-62AD-496B-B252-94D5A88D721F}
	EndGlobalSection
	GlobalSection(ExtensibilityGlobals) = postSolution
		SolutionGuid = {55942FB5-3D78-426F-8542-EE3288F7E073}
	EndGlobalSection
EndGlobal
