
Microsoft Visual Studio Solution File, Format Version 12.00
# Visual Studio 15
VisualStudioVersion = 15.0.28307.960
MinimumVisualStudioVersion = 10.0.40219.1
Project("{FAE04EC0-301F-11D3-BF4B-00C04F79EFBC}") = "Scout24.WebAPI", "Scout24.WebAPI\Scout24.WebAPI.csproj", "{BFABFAF4-C8D2-48E7-B6D5-C7E65241CDD6}"
EndProject
Project("{2150E333-8FDC-42A3-9474-1A3956D46DE8}") = "src", "src", "{2B75CB71-62AD-496B-B252-94D5A88D721F}"
EndProject
Project("{FAE04EC0-301F-11D3-BF4B-00C04F79EFBC}") = "Scout24.Core", "Scout24.Core\Scout24.Core.csproj", "{4E553596-A329-4BA9-851C-B1AB9113E365}"
EndProject
Global
	GlobalSection(SolutionConfigurationPlatforms) = preSolution
		Debug|Any CPU = Debug|Any CPU
		Release|Any CPU = Release|Any CPU
	EndGlobalSection
	GlobalSection(ProjectConfigurationPlatforms) = postSolution
		{BFABFAF4-C8D2-48E7-B6D5-C7E65241CDD6}.Debug|Any CPU.ActiveCfg = Debug|Any CPU
		{BFABFAF4-C8D2-48E7-B6D5-C7E65241CDD6}.Debug|Any CPU.Build.0 = Debug|Any CPU
		{BFABFAF4-C8D2-48E7-B6D5-C7E65241CDD6}.Release|Any CPU.ActiveCfg = Release|Any CPU
		{BFABFAF4-C8D2-48E7-B6D5-C7E65241CDD6}.Release|Any CPU.Build.0 = Release|Any CPU
		{4E553596-A329-4BA9-851C-B1AB9113E365}.Debug|Any CPU.ActiveCfg = Debug|Any CPU
		{4E553596-A329-4BA9-851C-B1AB9113E365}.Debug|Any CPU.Build.0 = Debug|Any CPU
		{4E553596-A329-4BA9-851C-B1AB9113E365}.Release|Any CPU.ActiveCfg = Release|Any CPU
		{4E553596-A329-4BA9-851C-B1AB9113E365}.Release|Any CPU.Build.0 = Release|Any CPU
	EndGlobalSection
	GlobalSection(SolutionProperties) = preSolution
		HideSolutionNode = FALSE
	EndGlobalSection
	GlobalSection(NestedProjects) = preSolution
		{BFABFAF4-C8D2-48E7-B6D5-C7E65241CDD6} = {2B75CB71-62AD-496B-B252-94D5A88D721F}
		{4E553596-A329-4BA9-851C-B1AB9113E365} = {2B75CB71-62AD-496B-B252-94D5A88D721F}
	EndGlobalSection
	GlobalSection(ExtensibilityGlobals) = postSolution
		SolutionGuid = {55942FB5-3D78-426F-8542-EE3288F7E073}
	EndGlobalSection
EndGlobal
